// !$*UTF8*$!
{
	archiveVersion = 1;
	classes = {
	};
	objectVersion = 48;
	objects = {

/* Begin PBXBuildFile section */
		9A55F8B420ABF8E400F49D06 /* AppDelegate.swift in Sources */ = {isa = PBXBuildFile; fileRef = 9A55F8B320ABF8E400F49D06 /* AppDelegate.swift */; };
		9A55F8B620ABF8E400F49D06 /* ViewController.swift in Sources */ = {isa = PBXBuildFile; fileRef = 9A55F8B520ABF8E400F49D06 /* ViewController.swift */; };
		9A55F8B920ABF8E400F49D06 /* Main.storyboard in Resources */ = {isa = PBXBuildFile; fileRef = 9A55F8B720ABF8E400F49D06 /* Main.storyboard */; };
		9A55F8BB20ABF8E400F49D06 /* Assets.xcassets in Resources */ = {isa = PBXBuildFile; fileRef = 9A55F8BA20ABF8E400F49D06 /* Assets.xcassets */; };
		9A55F8BE20ABF8E400F49D06 /* LaunchScreen.storyboard in Resources */ = {isa = PBXBuildFile; fileRef = 9A55F8BC20ABF8E400F49D06 /* LaunchScreen.storyboard */; };
		9A6BF63420AE963A00254840 /* MarsHabitatPricer.mlmodel in Sources */ = {isa = PBXBuildFile; fileRef = 9A6BF63320AE963A00254840 /* MarsHabitatPricer.mlmodel */; };
/* End PBXBuildFile section */

/* Begin PBXFileReference section */
		9A55F8B020ABF8E400F49D06 /* MarsV1.app */ = {isa = PBXFileReference; explicitFileType = wrapper.application; includeInIndex = 0; path = MarsV1.app; sourceTree = BUILT_PRODUCTS_DIR; };
		9A55F8B320ABF8E400F49D06 /* AppDelegate.swift */ = {isa = PBXFileReference; lastKnownFileType = sourcecode.swift; path = AppDelegate.swift; sourceTree = "<group>"; };
		9A55F8B520ABF8E400F49D06 /* ViewController.swift */ = {isa = PBXFileReference; lastKnownFileType = sourcecode.swift; path = ViewController.swift; sourceTree = "<group>"; };
		9A55F8B820ABF8E400F49D06 /* Base */ = {isa = PBXFileReference; lastKnownFileType = file.storyboard; name = Base; path = Base.lproj/Main.storyboard; sourceTree = "<group>"; };
		9A55F8BA20ABF8E400F49D06 /* Assets.xcassets */ = {isa = PBXFileReference; lastKnownFileType = folder.assetcatalog; path = Assets.xcassets; sourceTree = "<group>"; };
		9A55F8BD20ABF8E400F49D06 /* Base */ = {isa = PBXFileReference; lastKnownFileType = file.storyboard; name = Base; path = Base.lproj/LaunchScreen.storyboard; sourceTree = "<group>"; };
		9A55F8BF20ABF8E400F49D06 /* Info.plist */ = {isa = PBXFileReference; lastKnownFileType = text.plist.xml; path = Info.plist; sourceTree = "<group>"; };
		9A6BF63320AE963A00254840 /* MarsHabitatPricer.mlmodel */ = {isa = PBXFileReference; lastKnownFileType = file.mlmodel; name = MarsHabitatPricer.mlmodel; path = ../../../Downloads/MarsHabitatPricer.mlmodel; sourceTree = "<group>"; };
/* End PBXFileReference section */

/* Begin PBXFrameworksBuildPhase section */
		9A55F8AD20ABF8E400F49D06 /* Frameworks */ = {
			isa = PBXFrameworksBuildPhase;
			buildActionMask = 2147483647;
			files = (
			);
			runOnlyForDeploymentPostprocessing = 0;
		};
/* End PBXFrameworksBuildPhase section */

/* Begin PBXGroup section */
		9A55F8A720ABF8E400F49D06 = {
			isa = PBXGroup;
			children = (
				9A55F8B220ABF8E400F49D06 /* MarsV1 */,
				9A55F8B120ABF8E400F49D06 /* Products */,
			);
			sourceTree = "<group>";
		};
		9A55F8B120ABF8E400F49D06 /* Products */ = {
			isa = PBXGroup;
			children = (
				9A55F8B020ABF8E400F49D06 /* MarsV1.app */,
			);
			name = Products;
			sourceTree = "<group>";
		};
		9A55F8B220ABF8E400F49D06 /* MarsV1 */ = {
			isa = PBXGroup;
			children = (
				9A55F8B320ABF8E400F49D06 /* AppDelegate.swift */,
				9A55F8B520ABF8E400F49D06 /* ViewController.swift */,
				9A55F8B720ABF8E400F49D06 /* Main.storyboard */,
				9A6BF63320AE963A00254840 /* MarsHabitatPricer.mlmodel */,
				9A55F8BA20ABF8E400F49D06 /* Assets.xcassets */,
				9A55F8BC20ABF8E400F49D06 /* LaunchScreen.storyboard */,
				9A55F8BF20ABF8E400F49D06 /* Info.plist */,
			);
			path = MarsV1;
			sourceTree = "<group>";
		};
/* End PBXGroup section */

/* Begin PBXNativeTarget section */
		9A55F8AF20ABF8E400F49D06 /* MarsV1 */ = {
			isa = PBXNativeTarget;
			buildConfigurationList = 9A55F8C220ABF8E400F49D06 /* Build configuration list for PBXNativeTarget "MarsV1" */;
			buildPhases = (
				9A55F8AC20ABF8E400F49D06 /* Sources */,
				9A55F8AD20ABF8E400F49D06 /* Frameworks */,
				9A55F8AE20ABF8E400F49D06 /* Resources */,
			);
			buildRules = (
			);
			dependencies = (
			);
			name = MarsV1;
			productName = MarsV1;
			productReference = 9A55F8B020ABF8E400F49D06 /* MarsV1.app */;
			productType = "com.apple.product-type.application";
		};
/* End PBXNativeTarget section */

/* Begin PBXProject section */
		9A55F8A820ABF8E400F49D06 /* Project object */ = {
			isa = PBXProject;
			attributes = {
				LastSwiftUpdateCheck = 0920;
				LastUpgradeCheck = 0920;
				ORGANIZATIONNAME = "Juhun Kim";
				TargetAttributes = {
					9A55F8AF20ABF8E400F49D06 = {
						CreatedOnToolsVersion = 9.2;
						ProvisioningStyle = Automatic;
					};
				};
			};
			buildConfigurationList = 9A55F8AB20ABF8E400F49D06 /* Build configuration list for PBXProject "MarsV1" */;
			compatibilityVersion = "Xcode 8.0";
			developmentRegion = en;
			hasScannedForEncodings = 0;
			knownRegions = (
				en,
				Base,
			);
			mainGroup = 9A55F8A720ABF8E400F49D06;
			productRefGroup = 9A55F8B120ABF8E400F49D06 /* Products */;
			projectDirPath = "";
			projectRoot = "";
			targets = (
				9A55F8AF20ABF8E400F49D06 /* MarsV1 */,
			);
		};
/* End PBXProject section */

/* Begin PBXResourcesBuildPhase section */
		9A55F8AE20ABF8E400F49D06 /* Resources */ = {
			isa = PBXResourcesBuildPhase;
			buildActionMask = 2147483647;
			files = (
				9A55F8BE20ABF8E400F49D06 /* LaunchScreen.storyboard in Resources */,
				9A55F8BB20ABF8E400F49D06 /* Assets.xcassets in Resources */,
				9A55F8B920ABF8E400F49D06 /* Main.storyboard in Resources */,
			);
			runOnlyForDeploymentPostprocessing = 0;
		};
/* End PBXResourcesBuildPhase section */

/* Begin PBXSourcesBuildPhase section */
		9A55F8AC20ABF8E400F49D06 /* Sources */ = {
			isa = PBXSourcesBuildPhase;
			buildActionMask = 2147483647;
			files = (
				9A6BF63420AE963A00254840 /* MarsHabitatPricer.mlmodel in Sources */,
				9A55F8B620ABF8E400F49D06 /* ViewController.swift in Sources */,
				9A55F8B420ABF8E400F49D06 /* AppDelegate.swift in Sources */,
			);
			runOnlyForDeploymentPostprocessing = 0;
		};
/* End PBXSourcesBuildPhase section */

/* Begin PBXVariantGroup section */
		9A55F8B720ABF8E400F49D06 /* Main.storyboard */ = {
			isa = PBXVariantGroup;
			children = (
				9A55F8B820ABF8E400F49D06 /* Base */,
			);
			name = Main.storyboard;
			sourceTree = "<group>";
		};
		9A55F8BC20ABF8E400F49D06 /* LaunchScreen.storyboard */ = {
			isa = PBXVariantGroup;
			children = (
				9A55F8BD20ABF8E400F49D06 /* Base */,
			);
			name = LaunchScreen.storyboard;
			sourceTree = "<group>";
		};
/* End PBXVariantGroup section */

/* Begin XCBuildConfiguration section */
		9A55F8C020ABF8E400F49D06 /* Debug */ = {
			isa = XCBuildConfiguration;
			buildSettings = {
				ALWAYS_SEARCH_USER_PATHS = NO;
				CLANG_ANALYZER_NONNULL = YES;
				CLANG_ANALYZER_NUMBER_OBJECT_CONVERSION = YES_AGGRESSIVE;
				CLANG_CXX_LANGUAGE_STANDARD = "gnu++14";
				CLANG_CXX_LIBRARY = "libc++";
				CLANG_ENABLE_MODULES = YES;
				CLANG_ENABLE_OBJC_ARC = YES;
				CLANG_WARN_BLOCK_CAPTURE_AUTORELEASING = YES;
				CLANG_WARN_BOOL_CONVERSION = YES;
				CLANG_WARN_COMMA = YES;
				CLANG_WARN_CONSTANT_CONVERSION = YES;
				CLANG_WARN_DIRECT_OBJC_ISA_USAGE = YES_ERROR;
				CLANG_WARN_DOCUMENTATION_COMMENTS = YES;
				CLANG_WARN_EMPTY_BODY = YES;
				CLANG_WARN_ENUM_CONVERSION = YES;
				CLANG_WARN_INFINITE_RECURSION = YES;
				CLANG_WARN_INT_CONVERSION = YES;
				CLANG_WARN_NON_LITERAL_NULL_CONVERSION = YES;
				CLANG_WARN_OBJC_LITERAL_CONVERSION = YES;
				CLANG_WARN_OBJC_ROOT_CLASS = YES_ERROR;
				CLANG_WARN_RANGE_LOOP_ANALYSIS = YES;
				CLANG_WARN_STRICT_PROTOTYPES = YES;
				CLANG_WARN_SUSPICIOUS_MOVE = YES;
				CLANG_WARN_UNGUARDED_AVAILABILITY = YES_AGGRESSIVE;
				CLANG_WARN_UNREACHABLE_CODE = YES;
				CLANG_WARN__DUPLICATE_METHOD_MATCH = YES;
				CODE_SIGN_IDENTITY = "iPhone Developer";
				COPY_PHASE_STRIP = NO;
				DEBUG_INFORMATION_FORMAT = dwarf;
				ENABLE_STRICT_OBJC_MSGSEND = YES;
				ENABLE_TESTABILITY = YES;
				GCC_C_LANGUAGE_STANDARD = gnu11;
				GCC_DYNAMIC_NO_PIC = NO;
				GCC_NO_COMMON_BLOCKS = YES;
				GCC_OPTIMIZATION_LEVEL = 0;
				GCC_PREPROCESSOR_DEFINITIONS = (
					"DEBUG=1",
					"$(inherited)",
				);
				GCC_WARN_64_TO_32_BIT_CONVERSION = YES;
				GCC_WARN_ABOUT_RETURN_TYPE = YES_ERROR;
				GCC_WARN_UNDECLARED_SELECTOR = YES;
				GCC_WARN_UNINITIALIZED_AUTOS = YES_AGGRESSIVE;
				GCC_WARN_UNUSED_FUNCTION = YES;
				GCC_WARN_UNUSED_VARIABLE = YES;
				IPHONEOS_DEPLOYMENT_TARGET = 11.2;
				MTL_ENABLE_DEBUG_INFO = YES;
				ONLY_ACTIVE_ARCH = YES;
				SDKROOT = iphoneos;
				SWIFT_ACTIVE_COMPILATION_CONDITIONS = DEBUG;
				SWIFT_OPTIMIZATION_LEVEL = "-Onone";
			};
			name = Debug;
		};
		9A55F8C120ABF8E400F49D06 /* Release */ = {
			isa = XCBuildConfiguration;
			buildSettings = {
				ALWAYS_SEARCH_USER_PATHS = NO;
				CLANG_ANALYZER_NONNULL = YES;
				CLANG_ANALYZER_NUMBER_OBJECT_CONVERSION = YES_AGGRESSIVE;
				CLANG_CXX_LANGUAGE_STANDARD = "gnu++14";
				CLANG_CXX_LIBRARY = "libc++";
				CLANG_ENABLE_MODULES = YES;
				CLANG_ENABLE_OBJC_ARC = YES;
				CLANG_WARN_BLOCK_CAPTURE_AUTORELEASING = YES;
				CLANG_WARN_BOOL_CONVERSION = YES;
				CLANG_WARN_COMMA = YES;
				CLANG_WARN_CONSTANT_CONVERSION = YES;
				CLANG_WARN_DIRECT_OBJC_ISA_USAGE = YES_ERROR;
				CLANG_WARN_DOCUMENTATION_COMMENTS = YES;
				CLANG_WARN_EMPTY_BODY = YES;
				CLANG_WARN_ENUM_CONVERSION = YES;
				CLANG_WARN_INFINITE_RECURSION = YES;
				CLANG_WARN_INT_CONVERSION = YES;
				CLANG_WARN_NON_LITERAL_NULL_CONVERSION = YES;
				CLANG_WARN_OBJC_LITERAL_CONVERSION = YES;
				CLANG_WARN_OBJC_ROOT_CLASS = YES_ERROR;
				CLANG_WARN_RANGE_LOOP_ANALYSIS = YES;
				CLANG_WARN_STRICT_PROTOTYPES = YES;
				CLANG_WARN_SUSPICIOUS_MOVE = YES;
				CLANG_WARN_UNGUARDED_AVAILABILITY = YES_AGGRESSIVE;
				CLANG_WARN_UNREACHABLE_CODE = YES;
				CLANG_WARN__DUPLICATE_METHOD_MATCH = YES;
				CODE_SIGN_IDENTITY = "iPhone Developer";
				COPY_PHASE_STRIP = NO;
				DEBUG_INFORMATION_FORMAT = "dwarf-with-dsym";
				ENABLE_NS_ASSERTIONS = NO;
				ENABLE_STRICT_OBJC_MSGSEND = YES;
				GCC_C_LANGUAGE_STANDARD = gnu11;
				GCC_NO_COMMON_BLOCKS = YES;
				GCC_WARN_64_TO_32_BIT_CONVERSION = YES;
				GCC_WARN_ABOUT_RETURN_TYPE = YES_ERROR;
				GCC_WARN_UNDECLARED_SELECTOR = YES;
				GCC_WARN_UNINITIALIZED_AUTOS = YES_AGGRESSIVE;
				GCC_WARN_UNUSED_FUNCTION = YES;
				GCC_WARN_UNUSED_VARIABLE = YES;
				IPHONEOS_DEPLOYMENT_TARGET = 11.2;
				MTL_ENABLE_DEBUG_INFO = NO;
				SDKROOT = iphoneos;
				SWIFT_OPTIMIZATION_LEVEL = "-Owholemodule";
				VALIDATE_PRODUCT = YES;
			};
			name = Release;
		};
		9A55F8C320ABF8E400F49D06 /* Debug */ = {
			isa = XCBuildConfiguration;
			buildSettings = {
				ASSETCATALOG_COMPILER_APPICON_NAME = AppIcon;
				CODE_SIGN_STYLE = Automatic;
				DEVELOPMENT_TEAM = 3Y3Z2Z567H;
				INFOPLIST_FILE = MarsV1/Info.plist;
				LD_RUNPATH_SEARCH_PATHS = "$(inherited) @executable_path/Frameworks";
				PRODUCT_BUNDLE_IDENTIFIER = kr.ac.sogang.juhunkim20131537.MarsV1;
				PRODUCT_NAME = "$(TARGET_NAME)";
				SWIFT_VERSION = 4.0;
				TARGETED_DEVICE_FAMILY = "1,2";
			};
			name = Debug;
		};
		9A55F8C420ABF8E400F49D06 /* Release */ = {
			isa = XCBuildConfiguration;
			buildSettings = {
				ASSETCATALOG_COMPILER_APPICON_NAME = AppIcon;
				CODE_SIGN_STYLE = Automatic;
				DEVELOPMENT_TEAM = 3Y3Z2Z567H;
				INFOPLIST_FILE = MarsV1/Info.plist;
				LD_RUNPATH_SEARCH_PATHS = "$(inherited) @executable_path/Frameworks";
				PRODUCT_BUNDLE_IDENTIFIER = kr.ac.sogang.juhunkim20131537.MarsV1;
				PRODUCT_NAME = "$(TARGET_NAME)";
				SWIFT_VERSION = 4.0;
				TARGETED_DEVICE_FAMILY = "1,2";
			};
			name = Release;
		};
/* End XCBuildConfiguration section */

/* Begin XCConfigurationList section */
		9A55F8AB20ABF8E400F49D06 /* Build configuration list for PBXProject "MarsV1" */ = {
			isa = XCConfigurationList;
			buildConfigurations = (
				9A55F8C020ABF8E400F49D06 /* Debug */,
				9A55F8C120ABF8E400F49D06 /* Release */,
			);
			defaultConfigurationIsVisible = 0;
			defaultConfigurationName = Release;
		};
		9A55F8C220ABF8E400F49D06 /* Build configuration list for PBXNativeTarget "MarsV1" */ = {
			isa = XCConfigurationList;
			buildConfigurations = (
				9A55F8C320ABF8E400F49D06 /* Debug */,
				9A55F8C420ABF8E400F49D06 /* Release */,
			);
			defaultConfigurationIsVisible = 0;
			defaultConfigurationName = Release;
		};
/* End XCConfigurationList section */
	};
	rootObject = 9A55F8A820ABF8E400F49D06 /* Project object */;
}
